
Microsoft Visual Studio Solution File, Format Version 12.00
# Visual Studio Version 17
VisualStudioVersion = 17.14.36915.13
MinimumVisualStudioVersion = 10.0.40219.1
Project("{FAE04EC0-301F-11D3-BF4B-00C04F79EFBC}") = "TicoAutos.WebApi", "TicoAutos.WebApi\TicoAutos.WebApi.csproj", "{A931743D-C7B0-494B-3924-A32DD479728E}"
EndProject
Project("{FAE04EC0-301F-11D3-BF4B-00C04F79EFBC}") = "TicoAutos.Infrastructure", "TicoAutos.Infrastructure\TicoAutos.Infrastructure.csproj", "{15C0579F-F1A2-60DC-7116-6CDEC9ED9BED}"
EndProject
Project("{FAE04EC0-301F-11D3-BF4B-00C04F79EFBC}") = "TicoAutos.Domain", "TicoAutos.Domain\TicoAutos.Domain.csproj", "{887854B0-B05E-6B05-1CB2-63E065F80B76}"
EndProject
Project("{FAE04EC0-301F-11D3-BF4B-00C04F79EFBC}") = "TicoAutos.Application", "TicoAutos.Application\TicoAutos.Application.csproj", "{AACF8EF4-2073-ABC9-0C46-FA9A7FBD29D8}"
EndProject
Global
	GlobalSection(SolutionConfigurationPlatforms) = preSolution
		Debug|Any CPU = Debug|Any CPU
		Release|Any CPU = Release|Any CPU
	EndGlobalSection
	GlobalSection(ProjectConfigurationPlatforms) = postSolution
		{A931743D-C7B0-494B-3924-A32DD479728E}.Debug|Any CPU.ActiveCfg = Debug|Any CPU
		{A931743D-C7B0-494B-3924-A32DD479728E}.Debug|Any CPU.Build.0 = Debug|Any CPU
		{A931743D-C7B0-494B-3924-A32DD479728E}.Release|Any CPU.ActiveCfg = Release|Any CPU
		{A931743D-C7B0-494B-3924-A32DD479728E}.Release|Any CPU.Build.0 = Release|Any CPU
		{15C0579F-F1A2-60DC-7116-6CDEC9ED9BED}.Debug|Any CPU.ActiveCfg = Debug|Any CPU
		{15C0579F-F1A2-60DC-7116-6CDEC9ED9BED}.Debug|Any CPU.Build.0 = Debug|Any CPU
		{15C0579F-F1A2-60DC-7116-6CDEC9ED9BED}.Release|Any CPU.ActiveCfg = Release|Any CPU
		{15C0579F-F1A2-60DC-7116-6CDEC9ED9BED}.Release|Any CPU.Build.0 = Release|Any CPU
		{887854B0-B05E-6B05-1CB2-63E065F80B76}.Debug|Any CPU.ActiveCfg = Debug|Any CPU
		{887854B0-B05E-6B05-1CB2-63E065F80B76}.Debug|Any CPU.Build.0 = Debug|Any CPU
		{887854B0-B05E-6B05-1CB2-63E065F80B76}.Release|Any CPU.ActiveCfg = Release|Any CPU
		{887854B0-B05E-6B05-1CB2-63E065F80B76}.Release|Any CPU.Build.0 = Release|Any CPU
		{AACF8EF4-2073-ABC9-0C46-FA9A7FBD29D8}.Debug|Any CPU.ActiveCfg = Debug|Any CPU
		{AACF8EF4-2073-ABC9-0C46-FA9A7FBD29D8}.Debug|Any CPU.Build.0 = Debug|Any CPU
		{AACF8EF4-2073-ABC9-0C46-FA9A7FBD29D8}.Release|Any CPU.ActiveCfg = Release|Any CPU
		{AACF8EF4-2073-ABC9-0C46-FA9A7FBD29D8}.Release|Any CPU.Build.0 = Release|Any CPU
	EndGlobalSection
	GlobalSection(SolutionProperties) = preSolution
		HideSolutionNode = FALSE
	EndGlobalSection
	GlobalSection(ExtensibilityGlobals) = postSolution
		SolutionGuid = {BBA834C3-A0B6-485A-A2C1-0B28DDA4D7A3}
	EndGlobalSection
EndGlobal
